
Microsoft Visual Studio Solution File, Format Version 12.00
# Visual Studio Version 16
VisualStudioVersion = 16.0.33423.256
MinimumVisualStudioVersion = 10.0.40219.1
Project("{FAE04EC0-301F-11D3-BF4B-00C04F79EFBC}") = "WindowsFormsApp1", "WindowsFormsApp1\WindowsFormsApp1.csproj", "{651C9720-8310-4411-85B7-E5BAE42AEEEA}"
EndProject
Global
	GlobalSection(SolutionConfigurationPlatforms) = preSolution
		Debug|Any CPU = Debug|Any CPU
		Release|Any CPU = Release|Any CPU
	EndGlobalSection
	GlobalSection(ProjectConfigurationPlatforms) = postSolution
		{651C9720-8310-4411-85B7-E5BAE42AEEEA}.Debug|Any CPU.ActiveCfg = Debug|Any CPU
		{651C9720-8310-4411-85B7-E5BAE42AEEEA}.Debug|Any CPU.Build.0 = Debug|Any CPU
		{651C9720-8310-4411-85B7-E5BAE42AEEEA}.Release|Any CPU.ActiveCfg = Release|Any CPU
		{651C9720-8310-4411-85B7-E5BAE42AEEEA}.Release|Any CPU.Build.0 = Release|Any CPU
	EndGlobalSection
	GlobalSection(SolutionProperties) = preSolution
		HideSolutionNode = FALSE
	EndGlobalSection
	GlobalSection(ExtensibilityGlobals) = postSolution
		SolutionGuid = {44443858-13CD-4605-B284-79C70BF74999}
	EndGlobalSection
EndGlobal
